
Microsoft Visual Studio Solution File, Format Version 12.00
# Visual Studio 2012
Project("{FAE04EC0-301F-11D3-BF4B-00C04F79EFBC}") = "PassDataXamarinForms", "PassDataXamarinForms\PassDataXamarinForms.csproj", "{D50D2AB0-3FE1-479D-A7DF-8B0EF60B23E0}"
EndProject
Project("{FAE04EC0-301F-11D3-BF4B-00C04F79EFBC}") = "PassDataXamarinForms.iOS", "iOS\PassDataXamarinForms.iOS.csproj", "{87753E46-92D3-411C-ADEA-8D8D5393E488}"
EndProject
Project("{FAE04EC0-301F-11D3-BF4B-00C04F79EFBC}") = "PassDataXamarinForms.Droid", "Droid\PassDataXamarinForms.Droid.csproj", "{2F7180F0-2DC6-4BD5-866A-55627D11B177}"
EndProject
Global
	GlobalSection(SolutionConfigurationPlatforms) = preSolution
		Debug|Any CPU = Debug|Any CPU
		Release|Any CPU = Release|Any CPU
		Debug|iPhoneSimulator = Debug|iPhoneSimulator
		Release|iPhoneSimulator = Release|iPhoneSimulator
		Debug|iPhone = Debug|iPhone
		Release|iPhone = Release|iPhone
		Ad-Hoc|iPhone = Ad-Hoc|iPhone
		AppStore|iPhone = AppStore|iPhone
	EndGlobalSection
	GlobalSection(ProjectConfigurationPlatforms) = postSolution
		{2F7180F0-2DC6-4BD5-866A-55627D11B177}.Ad-Hoc|iPhone.ActiveCfg = Release|Any CPU
		{2F7180F0-2DC6-4BD5-866A-55627D11B177}.Ad-Hoc|iPhone.Build.0 = Release|Any CPU
		{2F7180F0-2DC6-4BD5-866A-55627D11B177}.AppStore|iPhone.ActiveCfg = Release|Any CPU
		{2F7180F0-2DC6-4BD5-866A-55627D11B177}.AppStore|iPhone.Build.0 = Release|Any CPU
		{2F7180F0-2DC6-4BD5-866A-55627D11B177}.Debug|Any CPU.ActiveCfg = Debug|Any CPU
		{2F7180F0-2DC6-4BD5-866A-55627D11B177}.Debug|Any CPU.Build.0 = Debug|Any CPU
		{2F7180F0-2DC6-4BD5-866A-55627D11B177}.Debug|iPhone.ActiveCfg = Debug|Any CPU
		{2F7180F0-2DC6-4BD5-866A-55627D11B177}.Debug|iPhone.Build.0 = Debug|Any CPU
		{2F7180F0-2DC6-4BD5-866A-55627D11B177}.Debug|iPhoneSimulator.ActiveCfg = Debug|Any CPU
		{2F7180F0-2DC6-4BD5-866A-55627D11B177}.Debug|iPhoneSimulator.Build.0 = Debug|Any CPU
		{2F7180F0-2DC6-4BD5-866A-55627D11B177}.Release|Any CPU.ActiveCfg = Release|Any CPU
		{2F7180F0-2DC6-4BD5-866A-55627D11B177}.Release|Any CPU.Build.0 = Release|Any CPU
		{2F7180F0-2DC6-4BD5-866A-55627D11B177}.Release|iPhone.ActiveCfg = Release|Any CPU
		{2F7180F0-2DC6-4BD5-866A-55627D11B177}.Release|iPhone.Build.0 = Release|Any CPU
		{2F7180F0-2DC6-4BD5-866A-55627D11B177}.Release|iPhoneSimulator.ActiveCfg = Release|Any CPU
		{2F7180F0-2DC6-4BD5-866A-55627D11B177}.Release|iPhoneSimulator.Build.0 = Release|Any CPU
		{87753E46-92D3-411C-ADEA-8D8D5393E488}.Ad-Hoc|iPhone.ActiveCfg = Ad-Hoc|iPhone
		{87753E46-92D3-411C-ADEA-8D8D5393E488}.Ad-Hoc|iPhone.Build.0 = Ad-Hoc|iPhone
		{87753E46-92D3-411C-ADEA-8D8D5393E488}.AppStore|iPhone.ActiveCfg = AppStore|iPhone
		{87753E46-92D3-411C-ADEA-8D8D5393E488}.AppStore|iPhone.Build.0 = AppStore|iPhone
		{87753E46-92D3-411C-ADEA-8D8D5393E488}.Debug|Any CPU.ActiveCfg = Debug|iPhoneSimulator
		{87753E46-92D3-411C-ADEA-8D8D5393E488}.Debug|Any CPU.Build.0 = Debug|iPhoneSimulator
		{87753E46-92D3-411C-ADEA-8D8D5393E488}.Debug|iPhone.ActiveCfg = Debug|iPhone
		{87753E46-92D3-411C-ADEA-8D8D5393E488}.Debug|iPhone.Build.0 = Debug|iPhone
		{87753E46-92D3-411C-ADEA-8D8D5393E488}.Debug|iPhoneSimulator.ActiveCfg = Debug|iPhoneSimulator
		{87753E46-92D3-411C-ADEA-8D8D5393E488}.Debug|iPhoneSimulator.Build.0 = Debug|iPhoneSimulator
		{87753E46-92D3-411C-ADEA-8D8D5393E488}.Release|Any CPU.ActiveCfg = Release|iPhoneSimulator
		{87753E46-92D3-411C-ADEA-8D8D5393E488}.Release|Any CPU.Build.0 = Release|iPhoneSimulator
		{87753E46-92D3-411C-ADEA-8D8D5393E488}.Release|iPhone.ActiveCfg = Release|iPhone
		{87753E46-92D3-411C-ADEA-8D8D5393E488}.Release|iPhone.Build.0 = Release|iPhone
		{87753E46-92D3-411C-ADEA-8D8D5393E488}.Release|iPhoneSimulator.ActiveCfg = Release|iPhoneSimulator
		{87753E46-92D3-411C-ADEA-8D8D5393E488}.Release|iPhoneSimulator.Build.0 = Release|iPhoneSimulator
		{D50D2AB0-3FE1-479D-A7DF-8B0EF60B23E0}.Ad-Hoc|iPhone.ActiveCfg = Debug|Any CPU
		{D50D2AB0-3FE1-479D-A7DF-8B0EF60B23E0}.Ad-Hoc|iPhone.Build.0 = Debug|Any CPU
		{D50D2AB0-3FE1-479D-A7DF-8B0EF60B23E0}.AppStore|iPhone.ActiveCfg = Debug|Any CPU
		{D50D2AB0-3FE1-479D-A7DF-8B0EF60B23E0}.AppStore|iPhone.Build.0 = Debug|Any CPU
		{D50D2AB0-3FE1-479D-A7DF-8B0EF60B23E0}.Debug|Any CPU.ActiveCfg = Debug|Any CPU
		{D50D2AB0-3FE1-479D-A7DF-8B0EF60B23E0}.Debug|Any CPU.Build.0 = Debug|Any CPU
		{D50D2AB0-3FE1-479D-A7DF-8B0EF60B23E0}.Debug|iPhone.ActiveCfg = Debug|Any CPU
		{D50D2AB0-3FE1-479D-A7DF-8B0EF60B23E0}.Debug|iPhone.Build.0 = Debug|Any CPU
		{D50D2AB0-3FE1-479D-A7DF-8B0EF60B23E0}.Debug|iPhoneSimulator.ActiveCfg = Debug|Any CPU
		{D50D2AB0-3FE1-479D-A7DF-8B0EF60B23E0}.Debug|iPhoneSimulator.Build.0 = Debug|Any CPU
		{D50D2AB0-3FE1-479D-A7DF-8B0EF60B23E0}.Release|Any CPU.ActiveCfg = Release|Any CPU
		{D50D2AB0-3FE1-479D-A7DF-8B0EF60B23E0}.Release|Any CPU.Build.0 = Release|Any CPU
		{D50D2AB0-3FE1-479D-A7DF-8B0EF60B23E0}.Release|iPhone.ActiveCfg = Release|Any CPU
		{D50D2AB0-3FE1-479D-A7DF-8B0EF60B23E0}.Release|iPhone.Build.0 = Release|Any CPU
		{D50D2AB0-3FE1-479D-A7DF-8B0EF60B23E0}.Release|iPhoneSimulator.ActiveCfg = Release|Any CPU
		{D50D2AB0-3FE1-479D-A7DF-8B0EF60B23E0}.Release|iPhoneSimulator.Build.0 = Release|Any CPU
	EndGlobalSection
EndGlobal
